
Microsoft Visual Studio Solution File, Format Version 12.00
# Visual Studio Version 16
VisualStudioVersion = 16.0.28714.193
MinimumVisualStudioVersion = 10.0.40219.1
Project("{8BC9CEB8-8B4A-11D0-8D11-00A0C91BC942}") = "Project_DXR", "Project_DXR\Project_DXR.vcxproj", "{522FD7BB-E5B3-4AEE-B318-D340B23499FA}"
EndProject
Global
	GlobalSection(SolutionConfigurationPlatforms) = preSolution
		Debug|x64 = Debug|x64
		PerformanceTest|x64 = PerformanceTest|x64
		PerformanceTestDebug|x64 = PerformanceTestDebug|x64
		Release|x64 = Release|x64
	EndGlobalSection
	GlobalSection(ProjectConfigurationPlatforms) = postSolution
		{522FD7BB-E5B3-4AEE-B318-D340B23499FA}.Debug|x64.ActiveCfg = Debug|x64
		{522FD7BB-E5B3-4AEE-B318-D340B23499FA}.Debug|x64.Build.0 = Debug|x64
		{522FD7BB-E5B3-4AEE-B318-D340B23499FA}.PerformanceTest|x64.ActiveCfg = PerformanceTest|x64
		{522FD7BB-E5B3-4AEE-B318-D340B23499FA}.PerformanceTest|x64.Build.0 = PerformanceTest|x64
		{522FD7BB-E5B3-4AEE-B318-D340B23499FA}.PerformanceTestDebug|x64.ActiveCfg = PerformanceTestDebug|x64
		{522FD7BB-E5B3-4AEE-B318-D340B23499FA}.PerformanceTestDebug|x64.Build.0 = PerformanceTestDebug|x64
		{522FD7BB-E5B3-4AEE-B318-D340B23499FA}.Release|x64.ActiveCfg = Release|x64
		{522FD7BB-E5B3-4AEE-B318-D340B23499FA}.Release|x64.Build.0 = Release|x64
	EndGlobalSection
	GlobalSection(SolutionProperties) = preSolution
		HideSolutionNode = FALSE
	EndGlobalSection
	GlobalSection(ExtensibilityGlobals) = postSolution
		SolutionGuid = {E58475A5-78DC-4D45-8823-1ECBECCDE09F}
	EndGlobalSection
EndGlobal
